
Microsoft Visual Studio Solution File, Format Version 12.00
# Visual Studio Version 17
VisualStudioVersion = 17.0.31903.59
MinimumVisualStudioVersion = 10.0.40219.1
Project("{FAE04EC0-301F-11D3-BF4B-00C04F79EFBC}") = "DirectoryTree", "DirectoryTree\DirectoryTree.csproj", "{C7689E54-1958-43A1-8D03-9A4722FCA701}"
EndProject
Global
	GlobalSection(SolutionConfigurationPlatforms) = preSolution
		Debug|Any CPU = Debug|Any CPU
		Release|Any CPU = Release|Any CPU
	EndGlobalSection
	GlobalSection(SolutionProperties) = preSolution
		HideSolutionNode = FALSE
	EndGlobalSection
	GlobalSection(ProjectConfigurationPlatforms) = postSolution
		{C7689E54-1958-43A1-8D03-9A4722FCA701}.Debug|Any CPU.ActiveCfg = Debug|Any CPU
		{C7689E54-1958-43A1-8D03-9A4722FCA701}.Debug|Any CPU.Build.0 = Debug|Any CPU
		{C7689E54-1958-43A1-8D03-9A4722FCA701}.Release|Any CPU.ActiveCfg = Release|Any CPU
		{C7689E54-1958-43A1-8D03-9A4722FCA701}.Release|Any CPU.Build.0 = Release|Any CPU
	EndGlobalSection
EndGlobal
